
Microsoft Visual Studio Solution File, Format Version 12.00
# Visual Studio 15
VisualStudioVersion = 15.0.27703.1
MinimumVisualStudioVersion = 10.0.40219.1
Project("{2150E333-8FDC-42A3-9474-1A3956D46DE8}") = "核心层", "核心层", "{5B2273F6-304D-4494-BAF1-A32BEA13AC34}"
EndProject
Project("{2150E333-8FDC-42A3-9474-1A3956D46DE8}") = "数据层", "数据层", "{80593C5E-276E-4EB4-9200-4E9676C5900D}"
EndProject
Project("{2150E333-8FDC-42A3-9474-1A3956D46DE8}") = "业务服务层", "业务服务层", "{D3EEF4EB-616B-4B0D-9DBB-04F7EE748FCC}"
EndProject
Project("{2150E333-8FDC-42A3-9474-1A3956D46DE8}") = "表现层", "表现层", "{AEAD3609-5AA2-4A1A-A39A-AA6AA2386883}"
EndProject
Project("{9A19103F-16F7-4668-BE54-9A1E7A4F7556}") = "JW.Core", "JW.Core\JW.Core.csproj", "{D96DFCDF-F12A-4B4C-9D8A-EB0805CAE594}"
EndProject
Project("{9A19103F-16F7-4668-BE54-9A1E7A4F7556}") = "JW.Domain", "JW.Domain\JW.Domain.csproj", "{EE78BE65-3E56-4533-8534-079B16D4DD07}"
EndProject
Project("{9A19103F-16F7-4668-BE54-9A1E7A4F7556}") = "JW.Data", "JW.Data\JW.Data.csproj", "{FA17455B-5B83-460D-8413-BFC3290EDEF1}"
EndProject
Project("{9A19103F-16F7-4668-BE54-9A1E7A4F7556}") = "JW.Services", "JW.Services\JW.Services.csproj", "{B5473E67-A3DA-4B97-A245-F9DFF8F3EC06}"
EndProject
Project("{9A19103F-16F7-4668-BE54-9A1E7A4F7556}") = "JW.Web.Manage", "JW.Web.Manage\JW.Web.Manage.csproj", "{2BE38FA2-11A8-4342-AE4D-5D14BED0835E}"
EndProject
Project("{9A19103F-16F7-4668-BE54-9A1E7A4F7556}") = "JW.Web.Framework", "JW.Web.Framework\JW.Web.Framework.csproj", "{5DB52746-C5DE-49D3-A969-8EB8902ACF3E}"
EndProject
Global
	GlobalSection(SolutionConfigurationPlatforms) = preSolution
		Debug|Any CPU = Debug|Any CPU
		Release|Any CPU = Release|Any CPU
	EndGlobalSection
	GlobalSection(ProjectConfigurationPlatforms) = postSolution
		{D96DFCDF-F12A-4B4C-9D8A-EB0805CAE594}.Debug|Any CPU.ActiveCfg = Debug|Any CPU
		{D96DFCDF-F12A-4B4C-9D8A-EB0805CAE594}.Debug|Any CPU.Build.0 = Debug|Any CPU
		{D96DFCDF-F12A-4B4C-9D8A-EB0805CAE594}.Release|Any CPU.ActiveCfg = Release|Any CPU
		{D96DFCDF-F12A-4B4C-9D8A-EB0805CAE594}.Release|Any CPU.Build.0 = Release|Any CPU
		{EE78BE65-3E56-4533-8534-079B16D4DD07}.Debug|Any CPU.ActiveCfg = Debug|Any CPU
		{EE78BE65-3E56-4533-8534-079B16D4DD07}.Debug|Any CPU.Build.0 = Debug|Any CPU
		{EE78BE65-3E56-4533-8534-079B16D4DD07}.Release|Any CPU.ActiveCfg = Release|Any CPU
		{EE78BE65-3E56-4533-8534-079B16D4DD07}.Release|Any CPU.Build.0 = Release|Any CPU
		{FA17455B-5B83-460D-8413-BFC3290EDEF1}.Debug|Any CPU.ActiveCfg = Debug|Any CPU
		{FA17455B-5B83-460D-8413-BFC3290EDEF1}.Debug|Any CPU.Build.0 = Debug|Any CPU
		{FA17455B-5B83-460D-8413-BFC3290EDEF1}.Release|Any CPU.ActiveCfg = Release|Any CPU
		{FA17455B-5B83-460D-8413-BFC3290EDEF1}.Release|Any CPU.Build.0 = Release|Any CPU
		{B5473E67-A3DA-4B97-A245-F9DFF8F3EC06}.Debug|Any CPU.ActiveCfg = Debug|Any CPU
		{B5473E67-A3DA-4B97-A245-F9DFF8F3EC06}.Debug|Any CPU.Build.0 = Debug|Any CPU
		{B5473E67-A3DA-4B97-A245-F9DFF8F3EC06}.Release|Any CPU.ActiveCfg = Release|Any CPU
		{B5473E67-A3DA-4B97-A245-F9DFF8F3EC06}.Release|Any CPU.Build.0 = Release|Any CPU
		{2BE38FA2-11A8-4342-AE4D-5D14BED0835E}.Debug|Any CPU.ActiveCfg = Debug|Any CPU
		{2BE38FA2-11A8-4342-AE4D-5D14BED0835E}.Debug|Any CPU.Build.0 = Debug|Any CPU
		{2BE38FA2-11A8-4342-AE4D-5D14BED0835E}.Release|Any CPU.ActiveCfg = Release|Any CPU
		{2BE38FA2-11A8-4342-AE4D-5D14BED0835E}.Release|Any CPU.Build.0 = Release|Any CPU
		{5DB52746-C5DE-49D3-A969-8EB8902ACF3E}.Debug|Any CPU.ActiveCfg = Debug|Any CPU
		{5DB52746-C5DE-49D3-A969-8EB8902ACF3E}.Debug|Any CPU.Build.0 = Debug|Any CPU
		{5DB52746-C5DE-49D3-A969-8EB8902ACF3E}.Release|Any CPU.ActiveCfg = Release|Any CPU
		{5DB52746-C5DE-49D3-A969-8EB8902ACF3E}.Release|Any CPU.Build.0 = Release|Any CPU
	EndGlobalSection
	GlobalSection(SolutionProperties) = preSolution
		HideSolutionNode = FALSE
	EndGlobalSection
	GlobalSection(NestedProjects) = preSolution
		{D96DFCDF-F12A-4B4C-9D8A-EB0805CAE594} = {5B2273F6-304D-4494-BAF1-A32BEA13AC34}
		{EE78BE65-3E56-4533-8534-079B16D4DD07} = {5B2273F6-304D-4494-BAF1-A32BEA13AC34}
		{FA17455B-5B83-460D-8413-BFC3290EDEF1} = {80593C5E-276E-4EB4-9200-4E9676C5900D}
		{B5473E67-A3DA-4B97-A245-F9DFF8F3EC06} = {D3EEF4EB-616B-4B0D-9DBB-04F7EE748FCC}
		{2BE38FA2-11A8-4342-AE4D-5D14BED0835E} = {AEAD3609-5AA2-4A1A-A39A-AA6AA2386883}
		{5DB52746-C5DE-49D3-A969-8EB8902ACF3E} = {AEAD3609-5AA2-4A1A-A39A-AA6AA2386883}
	EndGlobalSection
	GlobalSection(ExtensibilityGlobals) = postSolution
		SolutionGuid = {EB50BA97-5E24-4EA8-9FC9-349733DDE396}
	EndGlobalSection
EndGlobal
